
Microsoft Visual Studio Solution File, Format Version 12.00
# Visual Studio Version 17
VisualStudioVersion = 17.4.33213.308
MinimumVisualStudioVersion = 10.0.40219.1
Project("{FAE04EC0-301F-11D3-BF4B-00C04F79EFBC}") = "İndürüm", "İndürüm\İndürüm.csproj", "{2D03E825-C168-4650-A56A-06B4B9CEEDE0}"
EndProject
Global
	GlobalSection(SolutionConfigurationPlatforms) = preSolution
		Debug|Any CPU = Debug|Any CPU
		Release|Any CPU = Release|Any CPU
	EndGlobalSection
	GlobalSection(ProjectConfigurationPlatforms) = postSolution
		{2D03E825-C168-4650-A56A-06B4B9CEEDE0}.Debug|Any CPU.ActiveCfg = Debug|Any CPU
		{2D03E825-C168-4650-A56A-06B4B9CEEDE0}.Debug|Any CPU.Build.0 = Debug|Any CPU
		{2D03E825-C168-4650-A56A-06B4B9CEEDE0}.Release|Any CPU.ActiveCfg = Release|Any CPU
		{2D03E825-C168-4650-A56A-06B4B9CEEDE0}.Release|Any CPU.Build.0 = Release|Any CPU
	EndGlobalSection
	GlobalSection(SolutionProperties) = preSolution
		HideSolutionNode = FALSE
	EndGlobalSection
	GlobalSection(ExtensibilityGlobals) = postSolution
		SolutionGuid = {458BEBF4-8326-46B0-B3CE-118C4419232F}
	EndGlobalSection
EndGlobal
